
Microsoft Visual Studio Solution File, Format Version 12.00
# Visual Studio Version 17
VisualStudioVersion = 17.9.34616.47
MinimumVisualStudioVersion = 10.0.40219.1
Project("{FAE04EC0-301F-11D3-BF4B-00C04F79EFBC}") = "windows_form", "windows_form\windows_form.csproj", "{1C4F453C-0EA5-48AE-93D6-D78FE11C2417}"
EndProject
Global
	GlobalSection(SolutionConfigurationPlatforms) = preSolution
		Debug|Any CPU = Debug|Any CPU
		Release|Any CPU = Release|Any CPU
	EndGlobalSection
	GlobalSection(ProjectConfigurationPlatforms) = postSolution
		{1C4F453C-0EA5-48AE-93D6-D78FE11C2417}.Debug|Any CPU.ActiveCfg = Debug|Any CPU
		{1C4F453C-0EA5-48AE-93D6-D78FE11C2417}.Debug|Any CPU.Build.0 = Debug|Any CPU
		{1C4F453C-0EA5-48AE-93D6-D78FE11C2417}.Release|Any CPU.ActiveCfg = Release|Any CPU
		{1C4F453C-0EA5-48AE-93D6-D78FE11C2417}.Release|Any CPU.Build.0 = Release|Any CPU
	EndGlobalSection
	GlobalSection(SolutionProperties) = preSolution
		HideSolutionNode = FALSE
	EndGlobalSection
	GlobalSection(ExtensibilityGlobals) = postSolution
		SolutionGuid = {495E4B1F-9CAC-43B1-A62C-39ADCA9443CE}
	EndGlobalSection
EndGlobal
